# This file is automatically @generated by Cargo.
# It is not intended for manual editing.
version = 4

[[package]]
name = "expo-ast"
version = "0.1.0"

[[package]]
name = "expo-driver"
version = "0.1.0"
dependencies = [
 "expo-ast",
 "expo-fmt",
 "expo-lexer",
 "expo-parser",
]

[[package]]
name = "expo-fmt"
version = "0.1.0"
dependencies = [
 "expo-ast",
 "expo-parser",
]

[[package]]
name = "expo-lexer"
version = "0.1.0"
dependencies = [
 "expo-ast",
]

[[package]]
name = "expo-parser"
version = "0.1.0"
dependencies = [
 "expo-ast",
 "expo-lexer",
]
